
Microsoft Visual Studio Solution File, Format Version 12.00
# Visual Studio Version 17
VisualStudioVersion = 17.14.36401.2 d17.14
MinimumVisualStudioVersion = 10.0.40219.1
Project("{FAE04EC0-301F-11D3-BF4B-00C04F79EFBC}") = "dockerwebapp", "dockerwebapp.csproj", "{B18E2BA9-DAD4-432C-88BC-C0CDE116ED1F}"
EndProject
Global
	GlobalSection(SolutionConfigurationPlatforms) = preSolution
		Debug|Any CPU = Debug|Any CPU
		Release|Any CPU = Release|Any CPU
	EndGlobalSection
	GlobalSection(ProjectConfigurationPlatforms) = postSolution
		{B18E2BA9-DAD4-432C-88BC-C0CDE116ED1F}.Debug|Any CPU.ActiveCfg = Debug|Any CPU
		{B18E2BA9-DAD4-432C-88BC-C0CDE116ED1F}.Debug|Any CPU.Build.0 = Debug|Any CPU
		{B18E2BA9-DAD4-432C-88BC-C0CDE116ED1F}.Release|Any CPU.ActiveCfg = Release|Any CPU
		{B18E2BA9-DAD4-432C-88BC-C0CDE116ED1F}.Release|Any CPU.Build.0 = Release|Any CPU
	EndGlobalSection
	GlobalSection(SolutionProperties) = preSolution
		HideSolutionNode = FALSE
	EndGlobalSection
	GlobalSection(ExtensibilityGlobals) = postSolution
		SolutionGuid = {E9DD6F2F-A4DE-493C-99C0-0E9EF9748A79}
	EndGlobalSection
EndGlobal
